// !$*UTF8*$!
{
	archiveVersion = 1;
	classes = {
	};
	objectVersion = 50;
	objects = {

/* Begin PBXBuildFile section */
		142DEB1F269EADAB0028CB7C /* Tetris Instruction.swift in Sources */ = {isa = PBXBuildFile; fileRef = 142DEB1E269EADAB0028CB7C /* Tetris Instruction.swift */; };
		144147E9269A0E7A00922E0D /* Title.swift in Sources */ = {isa = PBXBuildFile; fileRef = 144147E7269A0E7A00922E0D /* Title.swift */; };
		144147EA269A0E7A00922E0D /* ScreenView.swift in Sources */ = {isa = PBXBuildFile; fileRef = 144147E8269A0E7A00922E0D /* ScreenView.swift */; };
		14454CD1268E83F400D15D76 /* Bitmap.mm in Sources */ = {isa = PBXBuildFile; fileRef = 14454CD0268E83F400D15D76 /* Bitmap.mm */; };
		14454CEC268EBFE700D15D76 /* Instruction.mm in Sources */ = {isa = PBXBuildFile; fileRef = 14454CEB268EBFE700D15D76 /* Instruction.mm */; };
		1445C06226BB9DDA0015C59F /* 4W.mm in Sources */ = {isa = PBXBuildFile; fileRef = 1445C06126BB9DDA0015C59F /* 4W.mm */; };
		145EAAB526AC7F4D005753C6 /* Color.swift in Sources */ = {isa = PBXBuildFile; fileRef = 145EAAB426AC7F4D005753C6 /* Color.swift */; };
		14826A0C2692A37800C6948C /* Coordinator.mm in Sources */ = {isa = PBXBuildFile; fileRef = 14BAD5AA268D79FD002AF2A2 /* Coordinator.mm */; };
		14826A102692A37B00C6948C /* Solver.mm in Sources */ = {isa = PBXBuildFile; fileRef = 147BCB1B269277B8005C1254 /* Solver.mm */; };
		14826A142692A37E00C6948C /* Reader.mm in Sources */ = {isa = PBXBuildFile; fileRef = 14454CFA26916D2100D15D76 /* Reader.mm */; };
		14826A182692A38000C6948C /* Info.mm in Sources */ = {isa = PBXBuildFile; fileRef = 14454CF6268FF63000D15D76 /* Info.mm */; };
		149AD2D1264B7FD900703C9B /* TetrisSolverApp.swift in Sources */ = {isa = PBXBuildFile; fileRef = 149AD2D0264B7FD900703C9B /* TetrisSolverApp.swift */; };
		149AD2D3264B7FD900703C9B /* ContentView.swift in Sources */ = {isa = PBXBuildFile; fileRef = 149AD2D2264B7FD900703C9B /* ContentView.swift */; };
		149AD2D5264B7FDA00703C9B /* Assets.xcassets in Resources */ = {isa = PBXBuildFile; fileRef = 149AD2D4264B7FDA00703C9B /* Assets.xcassets */; };
		149AD2E4264B7FDB00703C9B /* ScreenReaderTests.swift in Sources */ = {isa = PBXBuildFile; fileRef = 149AD2E3264B7FDB00703C9B /* ScreenReaderTests.swift */; };
		149AD2EF264B7FDB00703C9B /* ScreenReaderUITests.swift in Sources */ = {isa = PBXBuildFile; fileRef = 149AD2EE264B7FDB00703C9B /* ScreenReaderUITests.swift */; };
		149AD301264B803F00703C9B /* TargetWindow.swift in Sources */ = {isa = PBXBuildFile; fileRef = 149AD300264B803F00703C9B /* TargetWindow.swift */; };
		149BBE29267C3FAE00530635 /* KeyPresser.swift in Sources */ = {isa = PBXBuildFile; fileRef = 149BBE28267C3FAE00530635 /* KeyPresser.swift */; };
		149BBE2E267C401A00530635 /* Clicker.swift in Sources */ = {isa = PBXBuildFile; fileRef = 149BBE2D267C401A00530635 /* Clicker.swift */; };
		149BBE34267C413E00530635 /* KeyCodes.swift in Sources */ = {isa = PBXBuildFile; fileRef = 149BBE33267C413E00530635 /* KeyCodes.swift */; };
		14A0074226ABBD1E00C3173D /* EvaluatorTestView.swift in Sources */ = {isa = PBXBuildFile; fileRef = 14A0074126ABBD1E00C3173D /* EvaluatorTestView.swift */; };
		14C087CD26B4F37B00BC0BE6 /* T-Spin.mm in Sources */ = {isa = PBXBuildFile; fileRef = 14C087CC26B4F37B00BC0BE6 /* T-Spin.mm */; };
		14C6EC0326BF80CD00D82969 /* SRS.mm in Sources */ = {isa = PBXBuildFile; fileRef = 14C6EC0226BF80CD00D82969 /* SRS.mm */; };
		14CB5394265DF32700592B94 /* WindowSelector .swift in Sources */ = {isa = PBXBuildFile; fileRef = 14CB5393265DF32700592B94 /* WindowSelector .swift */; };
		14D8F65826A7DF530080719C /* Evaluator.mm in Sources */ = {isa = PBXBuildFile; fileRef = 14D8F65726A7DF530080719C /* Evaluator.mm */; };
/* End PBXBuildFile section */

/* Begin PBXContainerItemProxy section */
		149AD2E0264B7FDB00703C9B /* PBXContainerItemProxy */ = {
			isa = PBXContainerItemProxy;
			containerPortal = 149AD2C5264B7FD900703C9B /* Project object */;
			proxyType = 1;
			remoteGlobalIDString = 149AD2CC264B7FD900703C9B;
			remoteInfo = ScreenReader;
		};
		149AD2EB264B7FDB00703C9B /* PBXContainerItemProxy */ = {
			isa = PBXContainerItemProxy;
			containerPortal = 149AD2C5264B7FD900703C9B /* Project object */;
			proxyType = 1;
			remoteGlobalIDString = 149AD2CC264B7FD900703C9B;
			remoteInfo = ScreenReader;
		};
/* End PBXContainerItemProxy section */

/* Begin PBXFileReference section */
		142DEB1E269EADAB0028CB7C /* Tetris Instruction.swift */ = {isa = PBXFileReference; fileEncoding = 4; lastKnownFileType = sourcecode.swift; path = "Tetris Instruction.swift"; sourceTree = "<group>"; };
		144147E7269A0E7A00922E0D /* Title.swift */ = {isa = PBXFileReference; fileEncoding = 4; lastKnownFileType = sourcecode.swift; path = Title.swift; sourceTree = "<group>"; };
		144147E8269A0E7A00922E0D /* ScreenView.swift */ = {isa = PBXFileReference; fileEncoding = 4; lastKnownFileType = sourcecode.swift; path = ScreenView.swift; sourceTree = "<group>"; };
		14454CD0268E83F400D15D76 /* Bitmap.mm */ = {isa = PBXFileReference; lastKnownFileType = sourcecode.cpp.objcpp; path = Bitmap.mm; sourceTree = "<group>"; };
		14454CD9268E872C00D15D76 /* Bitmap.h */ = {isa = PBXFileReference; lastKnownFileType = sourcecode.c.h; path = Bitmap.h; sourceTree = "<group>"; };
		14454CE0268E964A00D15D76 /* ScreenReader-Bridging-Header.h */ = {isa = PBXFileReference; fileEncoding = 4; lastKnownFileType = sourcecode.c.h; path = "ScreenReader-Bridging-Header.h"; sourceTree = "<group>"; };
		14454CEA268EBFD300D15D76 /* Instruction.h */ = {isa = PBXFileReference; lastKnownFileType = sourcecode.c.h; path = Instruction.h; sourceTree = "<group>"; };
		14454CEB268EBFE700D15D76 /* Instruction.mm */ = {isa = PBXFileReference; lastKnownFileType = sourcecode.cpp.objcpp; path = Instruction.mm; sourceTree = "<group>"; };
		14454CF6268FF63000D15D76 /* Info.mm */ = {isa = PBXFileReference; lastKnownFileType = sourcecode.cpp.objcpp; path = Info.mm; sourceTree = "<group>"; };
		14454CFA26916D2100D15D76 /* Reader.mm */ = {isa = PBXFileReference; lastKnownFileType = sourcecode.cpp.objcpp; path = Reader.mm; sourceTree = "<group>"; };
		1445C06126BB9DDA0015C59F /* 4W.mm */ = {isa = PBXFileReference; lastKnownFileType = sourcecode.cpp.objcpp; path = 4W.mm; sourceTree = "<group>"; };
		145EAAB426AC7F4D005753C6 /* Color.swift */ = {isa = PBXFileReference; lastKnownFileType = sourcecode.swift; path = Color.swift; sourceTree = "<group>"; };
		147BCB1B269277B8005C1254 /* Solver.mm */ = {isa = PBXFileReference; lastKnownFileType = sourcecode.cpp.objcpp; path = Solver.mm; sourceTree = "<group>"; };
		147BCB25269282D7005C1254 /* Info.h */ = {isa = PBXFileReference; lastKnownFileType = sourcecode.c.h; path = Info.h; sourceTree = "<group>"; };
		147BCB29269283A1005C1254 /* Solver.h */ = {isa = PBXFileReference; lastKnownFileType = sourcecode.c.h; path = Solver.h; sourceTree = "<group>"; };
		147BCB2A269283B2005C1254 /* Reader.h */ = {isa = PBXFileReference; lastKnownFileType = sourcecode.c.h; path = Reader.h; sourceTree = "<group>"; };
		149AD2CD264B7FD900703C9B /* ScreenReader.app */ = {isa = PBXFileReference; explicitFileType = wrapper.application; includeInIndex = 0; path = ScreenReader.app; sourceTree = BUILT_PRODUCTS_DIR; };
		149AD2D0264B7FD900703C9B /* TetrisSolverApp.swift */ = {isa = PBXFileReference; lastKnownFileType = sourcecode.swift; path = TetrisSolverApp.swift; sourceTree = "<group>"; };
		149AD2D2264B7FD900703C9B /* ContentView.swift */ = {isa = PBXFileReference; lastKnownFileType = sourcecode.swift; path = ContentView.swift; sourceTree = "<group>"; };
		149AD2D4264B7FDA00703C9B /* Assets.xcassets */ = {isa = PBXFileReference; lastKnownFileType = folder.assetcatalog; path = Assets.xcassets; sourceTree = "<group>"; };
		149AD2D9264B7FDA00703C9B /* Info.plist */ = {isa = PBXFileReference; lastKnownFileType = text.plist.xml; path = Info.plist; sourceTree = "<group>"; };
		149AD2DA264B7FDA00703C9B /* ScreenReader.entitlements */ = {isa = PBXFileReference; lastKnownFileType = text.plist.entitlements; path = ScreenReader.entitlements; sourceTree = "<group>"; };
		149AD2DF264B7FDB00703C9B /* ScreenReaderTests.xctest */ = {isa = PBXFileReference; explicitFileType = wrapper.cfbundle; includeInIndex = 0; path = ScreenReaderTests.xctest; sourceTree = BUILT_PRODUCTS_DIR; };
		149AD2E3264B7FDB00703C9B /* ScreenReaderTests.swift */ = {isa = PBXFileReference; lastKnownFileType = sourcecode.swift; path = ScreenReaderTests.swift; sourceTree = "<group>"; };
		149AD2E5264B7FDB00703C9B /* Info.plist */ = {isa = PBXFileReference; lastKnownFileType = text.plist.xml; path = Info.plist; sourceTree = "<group>"; };
		149AD2EA264B7FDB00703C9B /* ScreenReaderUITests.xctest */ = {isa = PBXFileReference; explicitFileType = wrapper.cfbundle; includeInIndex = 0; path = ScreenReaderUITests.xctest; sourceTree = BUILT_PRODUCTS_DIR; };
		149AD2EE264B7FDB00703C9B /* ScreenReaderUITests.swift */ = {isa = PBXFileReference; lastKnownFileType = sourcecode.swift; path = ScreenReaderUITests.swift; sourceTree = "<group>"; };
		149AD2F0264B7FDB00703C9B /* Info.plist */ = {isa = PBXFileReference; lastKnownFileType = text.plist.xml; path = Info.plist; sourceTree = "<group>"; };
		149AD300264B803F00703C9B /* TargetWindow.swift */ = {isa = PBXFileReference; lastKnownFileType = sourcecode.swift; path = TargetWindow.swift; sourceTree = "<group>"; wrapsLines = 0; };
		149BBE28267C3FAE00530635 /* KeyPresser.swift */ = {isa = PBXFileReference; lastKnownFileType = sourcecode.swift; path = KeyPresser.swift; sourceTree = "<group>"; };
		149BBE2D267C401A00530635 /* Clicker.swift */ = {isa = PBXFileReference; lastKnownFileType = sourcecode.swift; path = Clicker.swift; sourceTree = "<group>"; };
		149BBE33267C413E00530635 /* KeyCodes.swift */ = {isa = PBXFileReference; lastKnownFileType = sourcecode.swift; path = KeyCodes.swift; sourceTree = "<group>"; };
		14A0074126ABBD1E00C3173D /* EvaluatorTestView.swift */ = {isa = PBXFileReference; lastKnownFileType = sourcecode.swift; path = EvaluatorTestView.swift; sourceTree = "<group>"; };
		14BAD5A9268D79EE002AF2A2 /* Coordinator.h */ = {isa = PBXFileReference; lastKnownFileType = sourcecode.c.h; path = Coordinator.h; sourceTree = "<group>"; };
		14BAD5AA268D79FD002AF2A2 /* Coordinator.mm */ = {isa = PBXFileReference; lastKnownFileType = sourcecode.cpp.objcpp; path = Coordinator.mm; sourceTree = "<group>"; };
		14C087CB26B4F37000BC0BE6 /* T-Spin.h */ = {isa = PBXFileReference; lastKnownFileType = sourcecode.c.h; path = "T-Spin.h"; sourceTree = "<group>"; };
		14C087CC26B4F37B00BC0BE6 /* T-Spin.mm */ = {isa = PBXFileReference; lastKnownFileType = sourcecode.cpp.objcpp; path = "T-Spin.mm"; sourceTree = "<group>"; };
		14C6EC0226BF80CD00D82969 /* SRS.mm */ = {isa = PBXFileReference; lastKnownFileType = sourcecode.cpp.objcpp; path = SRS.mm; sourceTree = "<group>"; };
		14CB5393265DF32700592B94 /* WindowSelector .swift */ = {isa = PBXFileReference; lastKnownFileType = sourcecode.swift; path = "WindowSelector .swift"; sourceTree = "<group>"; };
		14D8F65726A7DF530080719C /* Evaluator.mm */ = {isa = PBXFileReference; lastKnownFileType = sourcecode.cpp.objcpp; path = Evaluator.mm; sourceTree = "<group>"; };
/* End PBXFileReference section */

/* Begin PBXFrameworksBuildPhase section */
		149AD2CA264B7FD900703C9B /* Frameworks */ = {
			isa = PBXFrameworksBuildPhase;
			buildActionMask = 2147483647;
			files = (
			);
			runOnlyForDeploymentPostprocessing = 0;
		};
		149AD2DC264B7FDB00703C9B /* Frameworks */ = {
			isa = PBXFrameworksBuildPhase;
			buildActionMask = 2147483647;
			files = (
			);
			runOnlyForDeploymentPostprocessing = 0;
		};
		149AD2E7264B7FDB00703C9B /* Frameworks */ = {
			isa = PBXFrameworksBuildPhase;
			buildActionMask = 2147483647;
			files = (
			);
			runOnlyForDeploymentPostprocessing = 0;
		};
/* End PBXFrameworksBuildPhase section */

/* Begin PBXGroup section */
		14454CCF268E83D900D15D76 /* Classes */ = {
			isa = PBXGroup;
			children = (
				14454CD9268E872C00D15D76 /* Bitmap.h */,
				14454CD0268E83F400D15D76 /* Bitmap.mm */,
				14454CEA268EBFD300D15D76 /* Instruction.h */,
				14454CEB268EBFE700D15D76 /* Instruction.mm */,
			);
			path = Classes;
			sourceTree = "<group>";
		};
		14454CD8268E867D00D15D76 /* Inputs */ = {
			isa = PBXGroup;
			children = (
				149BBE33267C413E00530635 /* KeyCodes.swift */,
				149BBE2D267C401A00530635 /* Clicker.swift */,
				149BBE28267C3FAE00530635 /* KeyPresser.swift */,
			);
			path = Inputs;
			sourceTree = "<group>";
		};
		149063462661BFFC00F41A43 /* Helper */ = {
			isa = PBXGroup;
			children = (
				14454CD8268E867D00D15D76 /* Inputs */,
				149AD300264B803F00703C9B /* TargetWindow.swift */,
				14CB5393265DF32700592B94 /* WindowSelector .swift */,
				142DEB1E269EADAB0028CB7C /* Tetris Instruction.swift */,
				145EAAB426AC7F4D005753C6 /* Color.swift */,
			);
			path = Helper;
			sourceTree = "<group>";
		};
		149AD2C4264B7FD900703C9B = {
			isa = PBXGroup;
			children = (
				149AD2CF264B7FD900703C9B /* TetrisSolver */,
				149AD2E2264B7FDB00703C9B /* TetrisSolverTests */,
				149AD2ED264B7FDB00703C9B /* TetrisSolverUITests */,
				149AD2CE264B7FD900703C9B /* Products */,
			);
			sourceTree = "<group>";
		};
		149AD2CE264B7FD900703C9B /* Products */ = {
			isa = PBXGroup;
			children = (
				149AD2CD264B7FD900703C9B /* ScreenReader.app */,
				149AD2DF264B7FDB00703C9B /* ScreenReaderTests.xctest */,
				149AD2EA264B7FDB00703C9B /* ScreenReaderUITests.xctest */,
			);
			name = Products;
			sourceTree = "<group>";
		};
		149AD2CF264B7FD900703C9B /* TetrisSolver */ = {
			isa = PBXGroup;
			children = (
				149AD2D0264B7FD900703C9B /* TetrisSolverApp.swift */,
				149AD2D2264B7FD900703C9B /* ContentView.swift */,
				149AD2D4264B7FDA00703C9B /* Assets.xcassets */,
				149AD2D9264B7FDA00703C9B /* Info.plist */,
				149AD2DA264B7FDA00703C9B /* ScreenReader.entitlements */,
				149AD2D6264B7FDA00703C9B /* Content */,
			);
			path = TetrisSolver;
			sourceTree = "<group>";
		};
		149AD2D6264B7FDA00703C9B /* Content */ = {
			isa = PBXGroup;
			children = (
				14454CE0268E964A00D15D76 /* ScreenReader-Bridging-Header.h */,
				144147E7269A0E7A00922E0D /* Title.swift */,
				144147E8269A0E7A00922E0D /* ScreenView.swift */,
				14A0074126ABBD1E00C3173D /* EvaluatorTestView.swift */,
				14BAD5A8268D6E8C002AF2A2 /* C++Solver */,
				149063462661BFFC00F41A43 /* Helper */,
			);
			path = Content;
			sourceTree = "<group>";
		};
		149AD2E2264B7FDB00703C9B /* TetrisSolverTests */ = {
			isa = PBXGroup;
			children = (
				149AD2E3264B7FDB00703C9B /* ScreenReaderTests.swift */,
				149AD2E5264B7FDB00703C9B /* Info.plist */,
			);
			path = TetrisSolverTests;
			sourceTree = "<group>";
		};
		149AD2ED264B7FDB00703C9B /* TetrisSolverUITests */ = {
			isa = PBXGroup;
			children = (
				149AD2EE264B7FDB00703C9B /* ScreenReaderUITests.swift */,
				149AD2F0264B7FDB00703C9B /* Info.plist */,
			);
			path = TetrisSolverUITests;
			sourceTree = "<group>";
		};
		14BAD5A8268D6E8C002AF2A2 /* C++Solver */ = {
			isa = PBXGroup;
			children = (
				14454CCF268E83D900D15D76 /* Classes */,
				14BAD5A9268D79EE002AF2A2 /* Coordinator.h */,
				14BAD5AA268D79FD002AF2A2 /* Coordinator.mm */,
				147BCB29269283A1005C1254 /* Solver.h */,
				147BCB1B269277B8005C1254 /* Solver.mm */,
				14D8F65726A7DF530080719C /* Evaluator.mm */,
				1445C06126BB9DDA0015C59F /* 4W.mm */,
				14C6EC0226BF80CD00D82969 /* SRS.mm */,
				14C087CB26B4F37000BC0BE6 /* T-Spin.h */,
				14C087CC26B4F37B00BC0BE6 /* T-Spin.mm */,
				147BCB2A269283B2005C1254 /* Reader.h */,
				14454CFA26916D2100D15D76 /* Reader.mm */,
				147BCB25269282D7005C1254 /* Info.h */,
				14454CF6268FF63000D15D76 /* Info.mm */,
			);
			path = "C++Solver";
			sourceTree = "<group>";
		};
/* End PBXGroup section */

/* Begin PBXNativeTarget section */
		149AD2CC264B7FD900703C9B /* ScreenReader */ = {
			isa = PBXNativeTarget;
			buildConfigurationList = 149AD2F3264B7FDB00703C9B /* Build configuration list for PBXNativeTarget "ScreenReader" */;
			buildPhases = (
				149AD2C9264B7FD900703C9B /* Sources */,
				149AD2CA264B7FD900703C9B /* Frameworks */,
				149AD2CB264B7FD900703C9B /* Resources */,
			);
			buildRules = (
			);
			dependencies = (
			);
			name = ScreenReader;
			productName = ScreenReader;
			productReference = 149AD2CD264B7FD900703C9B /* ScreenReader.app */;
			productType = "com.apple.product-type.application";
		};
		149AD2DE264B7FDB00703C9B /* ScreenReaderTests */ = {
			isa = PBXNativeTarget;
			buildConfigurationList = 149AD2F6264B7FDB00703C9B /* Build configuration list for PBXNativeTarget "ScreenReaderTests" */;
			buildPhases = (
				149AD2DB264B7FDB00703C9B /* Sources */,
				149AD2DC264B7FDB00703C9B /* Frameworks */,
				149AD2DD264B7FDB00703C9B /* Resources */,
			);
			buildRules = (
			);
			dependencies = (
				149AD2E1264B7FDB00703C9B /* PBXTargetDependency */,
			);
			name = ScreenReaderTests;
			productName = ScreenReaderTests;
			productReference = 149AD2DF264B7FDB00703C9B /* ScreenReaderTests.xctest */;
			productType = "com.apple.product-type.bundle.unit-test";
		};
		149AD2E9264B7FDB00703C9B /* ScreenReaderUITests */ = {
			isa = PBXNativeTarget;
			buildConfigurationList = 149AD2F9264B7FDB00703C9B /* Build configuration list for PBXNativeTarget "ScreenReaderUITests" */;
			buildPhases = (
				149AD2E6264B7FDB00703C9B /* Sources */,
				149AD2E7264B7FDB00703C9B /* Frameworks */,
				149AD2E8264B7FDB00703C9B /* Resources */,
			);
			buildRules = (
			);
			dependencies = (
				149AD2EC264B7FDB00703C9B /* PBXTargetDependency */,
			);
			name = ScreenReaderUITests;
			productName = ScreenReaderUITests;
			productReference = 149AD2EA264B7FDB00703C9B /* ScreenReaderUITests.xctest */;
			productType = "com.apple.product-type.bundle.ui-testing";
		};
/* End PBXNativeTarget section */

/* Begin PBXProject section */
		149AD2C5264B7FD900703C9B /* Project object */ = {
			isa = PBXProject;
			attributes = {
				LastSwiftUpdateCheck = 1240;
				LastUpgradeCheck = 1250;
				TargetAttributes = {
					149AD2CC264B7FD900703C9B = {
						CreatedOnToolsVersion = 12.4;
						LastSwiftMigration = 1240;
					};
					149AD2DE264B7FDB00703C9B = {
						CreatedOnToolsVersion = 12.4;
						TestTargetID = 149AD2CC264B7FD900703C9B;
					};
					149AD2E9264B7FDB00703C9B = {
						CreatedOnToolsVersion = 12.4;
						TestTargetID = 149AD2CC264B7FD900703C9B;
					};
				};
			};
			buildConfigurationList = 149AD2C8264B7FD900703C9B /* Build configuration list for PBXProject "TetrisSolver" */;
			compatibilityVersion = "Xcode 9.3";
			developmentRegion = en;
			hasScannedForEncodings = 0;
			knownRegions = (
				en,
				Base,
			);
			mainGroup = 149AD2C4264B7FD900703C9B;
			productRefGroup = 149AD2CE264B7FD900703C9B /* Products */;
			projectDirPath = "";
			projectRoot = "";
			targets = (
				149AD2CC264B7FD900703C9B /* ScreenReader */,
				149AD2DE264B7FDB00703C9B /* ScreenReaderTests */,
				149AD2E9264B7FDB00703C9B /* ScreenReaderUITests */,
			);
		};
/* End PBXProject section */

/* Begin PBXResourcesBuildPhase section */
		149AD2CB264B7FD900703C9B /* Resources */ = {
			isa = PBXResourcesBuildPhase;
			buildActionMask = 2147483647;
			files = (
				149AD2D5264B7FDA00703C9B /* Assets.xcassets in Resources */,
			);
			runOnlyForDeploymentPostprocessing = 0;
		};
		149AD2DD264B7FDB00703C9B /* Resources */ = {
			isa = PBXResourcesBuildPhase;
			buildActionMask = 2147483647;
			files = (
			);
			runOnlyForDeploymentPostprocessing = 0;
		};
		149AD2E8264B7FDB00703C9B /* Resources */ = {
			isa = PBXResourcesBuildPhase;
			buildActionMask = 2147483647;
			files = (
			);
			runOnlyForDeploymentPostprocessing = 0;
		};
/* End PBXResourcesBuildPhase section */

/* Begin PBXSourcesBuildPhase section */
		149AD2C9264B7FD900703C9B /* Sources */ = {
			isa = PBXSourcesBuildPhase;
			buildActionMask = 2147483647;
			files = (
				14C6EC0326BF80CD00D82969 /* SRS.mm in Sources */,
				14C087CD26B4F37B00BC0BE6 /* T-Spin.mm in Sources */,
				144147E9269A0E7A00922E0D /* Title.swift in Sources */,
				149BBE29267C3FAE00530635 /* KeyPresser.swift in Sources */,
				149AD2D3264B7FD900703C9B /* ContentView.swift in Sources */,
				14826A142692A37E00C6948C /* Reader.mm in Sources */,
				14826A182692A38000C6948C /* Info.mm in Sources */,
				14A0074226ABBD1E00C3173D /* EvaluatorTestView.swift in Sources */,
				142DEB1F269EADAB0028CB7C /* Tetris Instruction.swift in Sources */,
				14454CD1268E83F400D15D76 /* Bitmap.mm in Sources */,
				14D8F65826A7DF530080719C /* Evaluator.mm in Sources */,
				144147EA269A0E7A00922E0D /* ScreenView.swift in Sources */,
				14CB5394265DF32700592B94 /* WindowSelector .swift in Sources */,
				145EAAB526AC7F4D005753C6 /* Color.swift in Sources */,
				149AD2D1264B7FD900703C9B /* TetrisSolverApp.swift in Sources */,
				14826A102692A37B00C6948C /* Solver.mm in Sources */,
				149AD301264B803F00703C9B /* TargetWindow.swift in Sources */,
				149BBE34267C413E00530635 /* KeyCodes.swift in Sources */,
				14454CEC268EBFE700D15D76 /* Instruction.mm in Sources */,
				1445C06226BB9DDA0015C59F /* 4W.mm in Sources */,
				149BBE2E267C401A00530635 /* Clicker.swift in Sources */,
				14826A0C2692A37800C6948C /* Coordinator.mm in Sources */,
			);
			runOnlyForDeploymentPostprocessing = 0;
		};
		149AD2DB264B7FDB00703C9B /* Sources */ = {
			isa = PBXSourcesBuildPhase;
			buildActionMask = 2147483647;
			files = (
				149AD2E4264B7FDB00703C9B /* ScreenReaderTests.swift in Sources */,
			);
			runOnlyForDeploymentPostprocessing = 0;
		};
		149AD2E6264B7FDB00703C9B /* Sources */ = {
			isa = PBXSourcesBuildPhase;
			buildActionMask = 2147483647;
			files = (
				149AD2EF264B7FDB00703C9B /* ScreenReaderUITests.swift in Sources */,
			);
			runOnlyForDeploymentPostprocessing = 0;
		};
/* End PBXSourcesBuildPhase section */

/* Begin PBXTargetDependency section */
		149AD2E1264B7FDB00703C9B /* PBXTargetDependency */ = {
			isa = PBXTargetDependency;
			target = 149AD2CC264B7FD900703C9B /* ScreenReader */;
			targetProxy = 149AD2E0264B7FDB00703C9B /* PBXContainerItemProxy */;
		};
		149AD2EC264B7FDB00703C9B /* PBXTargetDependency */ = {
			isa = PBXTargetDependency;
			target = 149AD2CC264B7FD900703C9B /* ScreenReader */;
			targetProxy = 149AD2EB264B7FDB00703C9B /* PBXContainerItemProxy */;
		};
/* End PBXTargetDependency section */

/* Begin XCBuildConfiguration section */
		149AD2F1264B7FDB00703C9B /* Debug */ = {
			isa = XCBuildConfiguration;
			buildSettings = {
				ALWAYS_SEARCH_USER_PATHS = NO;
				CLANG_ANALYZER_NONNULL = YES;
				CLANG_ANALYZER_NUMBER_OBJECT_CONVERSION = YES_AGGRESSIVE;
				CLANG_CXX_LANGUAGE_STANDARD = "gnu++14";
				CLANG_CXX_LIBRARY = "libc++";
				CLANG_ENABLE_MODULES = YES;
				CLANG_ENABLE_OBJC_ARC = YES;
				CLANG_ENABLE_OBJC_WEAK = YES;
				CLANG_WARN_BLOCK_CAPTURE_AUTORELEASING = YES;
				CLANG_WARN_BOOL_CONVERSION = YES;
				CLANG_WARN_COMMA = YES;
				CLANG_WARN_CONSTANT_CONVERSION = YES;
				CLANG_WARN_DEPRECATED_OBJC_IMPLEMENTATIONS = YES;
				CLANG_WARN_DIRECT_OBJC_ISA_USAGE = YES_ERROR;
				CLANG_WARN_DOCUMENTATION_COMMENTS = YES;
				CLANG_WARN_EMPTY_BODY = YES;
				CLANG_WARN_ENUM_CONVERSION = YES;
				CLANG_WARN_INFINITE_RECURSION = YES;
				CLANG_WARN_INT_CONVERSION = YES;
				CLANG_WARN_NON_LITERAL_NULL_CONVERSION = YES;
				CLANG_WARN_OBJC_IMPLICIT_RETAIN_SELF = YES;
				CLANG_WARN_OBJC_LITERAL_CONVERSION = YES;
				CLANG_WARN_OBJC_ROOT_CLASS = YES_ERROR;
				CLANG_WARN_QUOTED_INCLUDE_IN_FRAMEWORK_HEADER = YES;
				CLANG_WARN_RANGE_LOOP_ANALYSIS = YES;
				CLANG_WARN_STRICT_PROTOTYPES = YES;
				CLANG_WARN_SUSPICIOUS_MOVE = YES;
				CLANG_WARN_UNGUARDED_AVAILABILITY = YES_AGGRESSIVE;
				CLANG_WARN_UNREACHABLE_CODE = YES;
				CLANG_WARN__DUPLICATE_METHOD_MATCH = YES;
				COPY_PHASE_STRIP = NO;
				DEBUG_INFORMATION_FORMAT = dwarf;
				ENABLE_STRICT_OBJC_MSGSEND = YES;
				ENABLE_TESTABILITY = YES;
				GCC_C_LANGUAGE_STANDARD = gnu11;
				GCC_DYNAMIC_NO_PIC = NO;
				GCC_NO_COMMON_BLOCKS = YES;
				GCC_OPTIMIZATION_LEVEL = 0;
				GCC_PREPROCESSOR_DEFINITIONS = (
					"DEBUG=1",
					"$(inherited)",
				);
				GCC_WARN_64_TO_32_BIT_CONVERSION = YES;
				GCC_WARN_ABOUT_RETURN_TYPE = YES_ERROR;
				GCC_WARN_UNDECLARED_SELECTOR = YES;
				GCC_WARN_UNINITIALIZED_AUTOS = YES_AGGRESSIVE;
				GCC_WARN_UNUSED_FUNCTION = YES;
				GCC_WARN_UNUSED_VARIABLE = YES;
				MACOSX_DEPLOYMENT_TARGET = 11.1;
				MTL_ENABLE_DEBUG_INFO = INCLUDE_SOURCE;
				MTL_FAST_MATH = YES;
				ONLY_ACTIVE_ARCH = YES;
				SDKROOT = macosx;
				SWIFT_ACTIVE_COMPILATION_CONDITIONS = DEBUG;
				SWIFT_OPTIMIZATION_LEVEL = "-Onone";
			};
			name = Debug;
		};
		149AD2F2264B7FDB00703C9B /* Release */ = {
			isa = XCBuildConfiguration;
			buildSettings = {
				ALWAYS_SEARCH_USER_PATHS = NO;
				CLANG_ANALYZER_NONNULL = YES;
				CLANG_ANALYZER_NUMBER_OBJECT_CONVERSION = YES_AGGRESSIVE;
				CLANG_CXX_LANGUAGE_STANDARD = "gnu++14";
				CLANG_CXX_LIBRARY = "libc++";
				CLANG_ENABLE_MODULES = YES;
				CLANG_ENABLE_OBJC_ARC = YES;
				CLANG_ENABLE_OBJC_WEAK = YES;
				CLANG_WARN_BLOCK_CAPTURE_AUTORELEASING = YES;
				CLANG_WARN_BOOL_CONVERSION = YES;
				CLANG_WARN_COMMA = YES;
				CLANG_WARN_CONSTANT_CONVERSION = YES;
				CLANG_WARN_DEPRECATED_OBJC_IMPLEMENTATIONS = YES;
				CLANG_WARN_DIRECT_OBJC_ISA_USAGE = YES_ERROR;
				CLANG_WARN_DOCUMENTATION_COMMENTS = YES;
				CLANG_WARN_EMPTY_BODY = YES;
				CLANG_WARN_ENUM_CONVERSION = YES;
				CLANG_WARN_INFINITE_RECURSION = YES;
				CLANG_WARN_INT_CONVERSION = YES;
				CLANG_WARN_NON_LITERAL_NULL_CONVERSION = YES;
				CLANG_WARN_OBJC_IMPLICIT_RETAIN_SELF = YES;
				CLANG_WARN_OBJC_LITERAL_CONVERSION = YES;
				CLANG_WARN_OBJC_ROOT_CLASS = YES_ERROR;
				CLANG_WARN_QUOTED_INCLUDE_IN_FRAMEWORK_HEADER = YES;
				CLANG_WARN_RANGE_LOOP_ANALYSIS = YES;
				CLANG_WARN_STRICT_PROTOTYPES = YES;
				CLANG_WARN_SUSPICIOUS_MOVE = YES;
				CLANG_WARN_UNGUARDED_AVAILABILITY = YES_AGGRESSIVE;
				CLANG_WARN_UNREACHABLE_CODE = YES;
				CLANG_WARN__DUPLICATE_METHOD_MATCH = YES;
				COPY_PHASE_STRIP = NO;
				DEBUG_INFORMATION_FORMAT = "dwarf-with-dsym";
				ENABLE_NS_ASSERTIONS = NO;
				ENABLE_STRICT_OBJC_MSGSEND = YES;
				GCC_C_LANGUAGE_STANDARD = gnu11;
				GCC_NO_COMMON_BLOCKS = YES;
				GCC_WARN_64_TO_32_BIT_CONVERSION = YES;
				GCC_WARN_ABOUT_RETURN_TYPE = YES_ERROR;
				GCC_WARN_UNDECLARED_SELECTOR = YES;
				GCC_WARN_UNINITIALIZED_AUTOS = YES_AGGRESSIVE;
				GCC_WARN_UNUSED_FUNCTION = YES;
				GCC_WARN_UNUSED_VARIABLE = YES;
				MACOSX_DEPLOYMENT_TARGET = 11.1;
				MTL_ENABLE_DEBUG_INFO = NO;
				MTL_FAST_MATH = YES;
				SDKROOT = macosx;
				SWIFT_COMPILATION_MODE = wholemodule;
				SWIFT_OPTIMIZATION_LEVEL = "-O";
			};
			name = Release;
		};
		149AD2F4264B7FDB00703C9B /* Debug */ = {
			isa = XCBuildConfiguration;
			buildSettings = {
				ASSETCATALOG_COMPILER_APPICON_NAME = AppIcon;
				ASSETCATALOG_COMPILER_GLOBAL_ACCENT_COLOR_NAME = AccentColor;
				CLANG_ENABLE_MODULES = YES;
				CODE_SIGN_ENTITLEMENTS = ScreenReader/ScreenReader.entitlements;
				CODE_SIGN_IDENTITY = "-";
				CODE_SIGN_STYLE = Automatic;
				COMBINE_HIDPI_IMAGES = YES;
				ENABLE_PREVIEWS = YES;
				INFOPLIST_FILE = "$(SRCROOT)/TetrisSolver/Info.plist";
				LD_RUNPATH_SEARCH_PATHS = (
					"$(inherited)",
					"@executable_path/../Frameworks",
				);
				MACOSX_DEPLOYMENT_TARGET = 11.0;
				PRODUCT_BUNDLE_IDENTIFIER = shine.ScreenReader;
				PRODUCT_NAME = "$(TARGET_NAME)";
				SWIFT_OBJC_BRIDGING_HEADER = "TetrisSolver/Content/ScreenReader-Bridging-Header.h";
				SWIFT_OPTIMIZATION_LEVEL = "-Onone";
				SWIFT_VERSION = 5.0;
			};
			name = Debug;
		};
		149AD2F5264B7FDB00703C9B /* Release */ = {
			isa = XCBuildConfiguration;
			buildSettings = {
				ASSETCATALOG_COMPILER_APPICON_NAME = AppIcon;
				ASSETCATALOG_COMPILER_GLOBAL_ACCENT_COLOR_NAME = AccentColor;
				CLANG_ENABLE_MODULES = YES;
				CODE_SIGN_ENTITLEMENTS = ScreenReader/ScreenReader.entitlements;
				CODE_SIGN_IDENTITY = "-";
				CODE_SIGN_STYLE = Automatic;
				COMBINE_HIDPI_IMAGES = YES;
				ENABLE_PREVIEWS = YES;
				INFOPLIST_FILE = "$(SRCROOT)/TetrisSolver/Info.plist";
				LD_RUNPATH_SEARCH_PATHS = (
					"$(inherited)",
					"@executable_path/../Frameworks",
				);
				MACOSX_DEPLOYMENT_TARGET = 11.0;
				PRODUCT_BUNDLE_IDENTIFIER = shine.ScreenReader;
				PRODUCT_NAME = "$(TARGET_NAME)";
				SWIFT_OBJC_BRIDGING_HEADER = "TetrisSolver/Content/ScreenReader-Bridging-Header.h";
				SWIFT_VERSION = 5.0;
			};
			name = Release;
		};
		149AD2F7264B7FDB00703C9B /* Debug */ = {
			isa = XCBuildConfiguration;
			buildSettings = {
				ALWAYS_EMBED_SWIFT_STANDARD_LIBRARIES = YES;
				BUNDLE_LOADER = "$(TEST_HOST)";
				CODE_SIGN_STYLE = Automatic;
				COMBINE_HIDPI_IMAGES = YES;
				INFOPLIST_FILE = ScreenReaderTests/Info.plist;
				LD_RUNPATH_SEARCH_PATHS = (
					"$(inherited)",
					"@executable_path/../Frameworks",
					"@loader_path/../Frameworks",
				);
				MACOSX_DEPLOYMENT_TARGET = 11.0;
				PRODUCT_BUNDLE_IDENTIFIER = shine.ScreenReaderTests;
				PRODUCT_NAME = "$(TARGET_NAME)";
				SWIFT_VERSION = 5.0;
				TEST_HOST = "$(BUILT_PRODUCTS_DIR)/ScreenReader.app/Contents/MacOS/ScreenReader";
			};
			name = Debug;
		};
		149AD2F8264B7FDB00703C9B /* Release */ = {
			isa = XCBuildConfiguration;
			buildSettings = {
				ALWAYS_EMBED_SWIFT_STANDARD_LIBRARIES = YES;
				BUNDLE_LOADER = "$(TEST_HOST)";
				CODE_SIGN_STYLE = Automatic;
				COMBINE_HIDPI_IMAGES = YES;
				INFOPLIST_FILE = ScreenReaderTests/Info.plist;
				LD_RUNPATH_SEARCH_PATHS = (
					"$(inherited)",
					"@executable_path/../Frameworks",
					"@loader_path/../Frameworks",
				);
				MACOSX_DEPLOYMENT_TARGET = 11.0;
				PRODUCT_BUNDLE_IDENTIFIER = shine.ScreenReaderTests;
				PRODUCT_NAME = "$(TARGET_NAME)";
				SWIFT_VERSION = 5.0;
				TEST_HOST = "$(BUILT_PRODUCTS_DIR)/ScreenReader.app/Contents/MacOS/ScreenReader";
			};
			name = Release;
		};
		149AD2FA264B7FDB00703C9B /* Debug */ = {
			isa = XCBuildConfiguration;
			buildSettings = {
				ALWAYS_EMBED_SWIFT_STANDARD_LIBRARIES = YES;
				CODE_SIGN_STYLE = Automatic;
				COMBINE_HIDPI_IMAGES = YES;
				INFOPLIST_FILE = ScreenReaderUITests/Info.plist;
				LD_RUNPATH_SEARCH_PATHS = (
					"$(inherited)",
					"@executable_path/../Frameworks",
					"@loader_path/../Frameworks",
				);
				PRODUCT_BUNDLE_IDENTIFIER = shine.ScreenReaderUITests;
				PRODUCT_NAME = "$(TARGET_NAME)";
				SWIFT_VERSION = 5.0;
				TEST_TARGET_NAME = ScreenReader;
			};
			name = Debug;
		};
		149AD2FB264B7FDB00703C9B /* Release */ = {
			isa = XCBuildConfiguration;
			buildSettings = {
				ALWAYS_EMBED_SWIFT_STANDARD_LIBRARIES = YES;
				CODE_SIGN_STYLE = Automatic;
				COMBINE_HIDPI_IMAGES = YES;
				INFOPLIST_FILE = ScreenReaderUITests/Info.plist;
				LD_RUNPATH_SEARCH_PATHS = (
					"$(inherited)",
					"@executable_path/../Frameworks",
					"@loader_path/../Frameworks",
				);
				PRODUCT_BUNDLE_IDENTIFIER = shine.ScreenReaderUITests;
				PRODUCT_NAME = "$(TARGET_NAME)";
				SWIFT_VERSION = 5.0;
				TEST_TARGET_NAME = ScreenReader;
			};
			name = Release;
		};
/* End XCBuildConfiguration section */

/* Begin XCConfigurationList section */
		149AD2C8264B7FD900703C9B /* Build configuration list for PBXProject "TetrisSolver" */ = {
			isa = XCConfigurationList;
			buildConfigurations = (
				149AD2F1264B7FDB00703C9B /* Debug */,
				149AD2F2264B7FDB00703C9B /* Release */,
			);
			defaultConfigurationIsVisible = 0;
			defaultConfigurationName = Release;
		};
		149AD2F3264B7FDB00703C9B /* Build configuration list for PBXNativeTarget "ScreenReader" */ = {
			isa = XCConfigurationList;
			buildConfigurations = (
				149AD2F4264B7FDB00703C9B /* Debug */,
				149AD2F5264B7FDB00703C9B /* Release */,
			);
			defaultConfigurationIsVisible = 0;
			defaultConfigurationName = Release;
		};
		149AD2F6264B7FDB00703C9B /* Build configuration list for PBXNativeTarget "ScreenReaderTests" */ = {
			isa = XCConfigurationList;
			buildConfigurations = (
				149AD2F7264B7FDB00703C9B /* Debug */,
				149AD2F8264B7FDB00703C9B /* Release */,
			);
			defaultConfigurationIsVisible = 0;
			defaultConfigurationName = Release;
		};
		149AD2F9264B7FDB00703C9B /* Build configuration list for PBXNativeTarget "ScreenReaderUITests" */ = {
			isa = XCConfigurationList;
			buildConfigurations = (
				149AD2FA264B7FDB00703C9B /* Debug */,
				149AD2FB264B7FDB00703C9B /* Release */,
			);
			defaultConfigurationIsVisible = 0;
			defaultConfigurationName = Release;
		};
/* End XCConfigurationList section */
	};
	rootObject = 149AD2C5264B7FD900703C9B /* Project object */;
}
